PODS:
  - Flutter (1.0.0)
  - flutter_text_field (0.0.1):
    - Flutter

DEPENDENCIES:
  - Flutter (from `Flutter`)
  - flutter_text_field (from `.symlinks/plugins/flutter_text_field/ios`)

EXTERNAL SOURCES:
  Flutter:
    :path: Flutter
  flutter_text_field:
    :path: ".symlinks/plugins/flutter_text_field/ios"

SPEC CHECKSUMS:
  Flutter: 434fef37c0980e73bb6479ef766c45957d4b510c
  flutter_text_field: b61485568dde43a644afe7a1a9d6ecc110697305

PODFILE CHECKSUM: aafe91acc616949ddb318b77800a7f51bffa2a4c

COCOAPODS: 1.10.1
